// !$*UTF8*$!
{
	archiveVersion = 1;
	classes = {
	};
	objectVersion = 56;
	objects = {

/* Begin PBXBuildFile section */
		1A2B3C4D5E6F7890ABCDEF01 /* Whisper67App.swift in Sources */ = {isa = PBXBuildFile; fileRef = 1A2B3C4D5E6F7890ABCDEF02 /* Whisper67App.swift */; };
		1A2B3C4D5E6F7890ABCDEF03 /* ContentView.swift in Sources */ = {isa = PBXBuildFile; fileRef = 1A2B3C4D5E6F7890ABCDEF04 /* ContentView.swift */; };
		1A2B3C4D5E6F7890ABCDEF05 /* SettingsView.swift in Sources */ = {isa = PBXBuildFile; fileRef = 1A2B3C4D5E6F7890ABCDEF06 /* SettingsView.swift */; };
		1A2B3C4D5E6F7890ABCDEF07 /* Assets.xcassets in Resources */ = {isa = PBXBuildFile; fileRef = 1A2B3C4D5E6F7890ABCDEF08 /* Assets.xcassets */; };
		1A2B3C4D5E6F7890ABCDEF20 /* WhisperKit in Frameworks */ = {isa = PBXBuildFile; productRef = 1A2B3C4D5E6F7890ABCDEF1F /* WhisperKit */; };
		1A2B3C4D5E6F7890ABCDEF21 /* WhisperService.swift in Sources */ = {isa = PBXBuildFile; fileRef = 1A2B3C4D5E6F7890ABCDEF22 /* WhisperService.swift */; };
		1A2B3C4D5E6F7890ABCDEF23 /* GlassmorphicComponents.swift in Sources */ = {isa = PBXBuildFile; fileRef = 1A2B3C4D5E6F7890ABCDEF24 /* GlassmorphicComponents.swift */; };
		1A2B3C4D5E6F7890ABCDEF25 /* ConfigurationTab.swift in Sources */ = {isa = PBXBuildFile; fileRef = 1A2B3C4D5E6F7890ABCDEF26 /* ConfigurationTab.swift */; };
		1A2B3C4D5E6F7890ABCDEF27 /* HotkeysTab.swift in Sources */ = {isa = PBXBuildFile; fileRef = 1A2B3C4D5E6F7890ABCDEF28 /* HotkeysTab.swift */; };
		1A2B3C4D5E6F7890ABCDEF29 /* PerformanceTab.swift in Sources */ = {isa = PBXBuildFile; fileRef = 1A2B3C4D5E6F7890ABCDEF2A /* PerformanceTab.swift */; };
		1A2B3C4D5E6F7890ABCDEF2B /* GeneralTab.swift in Sources */ = {isa = PBXBuildFile; fileRef = 1A2B3C4D5E6F7890ABCDEF2C /* GeneralTab.swift */; };
		1A2B3C4D5E6F7890ABCDEF2F /* TranscriptionManager.swift in Sources */ = {isa = PBXBuildFile; fileRef = 1A2B3C4D5E6F7890ABCDEF30 /* TranscriptionManager.swift */; };
		1A2B3C4D5E6F7890ABCDEF31 /* GlobalHotkeyService.swift in Sources */ = {isa = PBXBuildFile; fileRef = 1A2B3C4D5E6F7890ABCDEF32 /* GlobalHotkeyService.swift */; };
		1A2B3C4D5E6F7890ABCDEF33 /* ClipboardService.swift in Sources */ = {isa = PBXBuildFile; fileRef = 1A2B3C4D5E6F7890ABCDEF34 /* ClipboardService.swift */; };
		1A2B3C4D5E6F7890ABCDEF35 /* TranscriptionOverlayView.swift in Sources */ = {isa = PBXBuildFile; fileRef = 1A2B3C4D5E6F7890ABCDEF36 /* TranscriptionOverlayView.swift */; };
		1A2B3C4D5E6F7890ABCDEF40 /* AppState.swift in Sources */ = {isa = PBXBuildFile; fileRef = 1A2B3C4D5E6F7890ABCDEF41 /* AppState.swift */; };
		1A2B3C4D5E6F7890ABCDEF42 /* CloudWhisperAPI.swift in Sources */ = {isa = PBXBuildFile; fileRef = 1A2B3C4D5E6F7890ABCDEF43 /* CloudWhisperAPI.swift */; };
		1A2B3C4D5E6F7890ABCDEF44 /* AudioRecorderService.swift in Sources */ = {isa = PBXBuildFile; fileRef = 1A2B3C4D5E6F7890ABCDEF45 /* AudioRecorderService.swift */; };
		1A2B3C4D5E6F7890ABCDEF46 /* HomeDashboardView.swift in Sources */ = {isa = PBXBuildFile; fileRef = 1A2B3C4D5E6F7890ABCDEF47 /* HomeDashboardView.swift */; };
		1A2B3C4D5E6F7890ABCDEF48 /* APISettingsTab.swift in Sources */ = {isa = PBXBuildFile; fileRef = 1A2B3C4D5E6F7890ABCDEF49 /* APISettingsTab.swift */; };
		1A2B3C4D5E6F7890ABCDEF4A /* DictionaryTab.swift in Sources */ = {isa = PBXBuildFile; fileRef = 1A2B3C4D5E6F7890ABCDEF4B /* DictionaryTab.swift */; };
		1A2B3C4D5E6F7890ABCDEF4C /* RecordingKeyMonitor.swift in Sources */ = {isa = PBXBuildFile; fileRef = 1A2B3C4D5E6F7890ABCDEF4D /* RecordingKeyMonitor.swift */; };
		1A2B3C4D5E6F7890ABCDEF4E /* ControlDictationInput.swift in Sources */ = {isa = PBXBuildFile; fileRef = 1A2B3C4D5E6F7890ABCDEF4F /* ControlDictationInput.swift */; };
		1A2B3C4D5E6F7890ABCDEF50 /* PermissionManager.swift in Sources */ = {isa = PBXBuildFile; fileRef = 1A2B3C4D5E6F7890ABCDEF51 /* PermissionManager.swift */; };
		1A2B3C4D5E6F7890ABCDEF52 /* TranscriptFormatter.swift in Sources */ = {isa = PBXBuildFile; fileRef = 1A2B3C4D5E6F7890ABCDEF53 /* TranscriptFormatter.swift */; };
		1A2B3C4D5E6F7890ABCDEF54 /* ModesTab.swift in Sources */ = {isa = PBXBuildFile; fileRef = 1A2B3C4D5E6F7890ABCDEF55 /* ModesTab.swift */; };
		1A2B3C4D5E6F7890ABCDEF56 /* WaveformShaper.swift in Sources */ = {isa = PBXBuildFile; fileRef = 1A2B3C4D5E6F7890ABCDEF57 /* WaveformShaper.swift */; };
		1A2B3C4D5E6F7890ABCDEF58 /* TranscriptCleanupService.swift in Sources */ = {isa = PBXBuildFile; fileRef = 1A2B3C4D5E6F7890ABCDEF59 /* TranscriptCleanupService.swift */; };
		1A2B3C4D5E6F7890ABCDEF5A /* IntentVocabulary.swift in Sources */ = {isa = PBXBuildFile; fileRef = 1A2B3C4D5E6F7890ABCDEF5B /* IntentVocabulary.swift */; };
		1A2B3C4D5E6F7890ABCDEF5C /* ListDetector.swift in Sources */ = {isa = PBXBuildFile; fileRef = 1A2B3C4D5E6F7890ABCDEF5D /* ListDetector.swift */; };
		1A2B3C4D5E6F7890ABCDEF5E /* HistoryTab.swift in Sources */ = {isa = PBXBuildFile; fileRef = 1A2B3C4D5E6F7890ABCDEF5F /* HistoryTab.swift */; };
		1A2B3C4D5E6F7890ABCDEF60 /* AppLog.swift in Sources */ = {isa = PBXBuildFile; fileRef = 1A2B3C4D5E6F7890ABCDEF61 /* AppLog.swift */; };
		1A2B3C4D5E6F7890ABCDEF62 /* TranscriptionOutcome.swift in Sources */ = {isa = PBXBuildFile; fileRef = 1A2B3C4D5E6F7890ABCDEF63 /* TranscriptionOutcome.swift */; };
		1A2B3C4D5E6F7890ABCDEF70 /* SelfCorrection.swift in Sources */ = {isa = PBXBuildFile; fileRef = 1A2B3C4D5E6F7890ABCDEF71 /* SelfCorrection.swift */; };
/* End PBXBuildFile section */

/* Begin PBXFileReference section */
		1A2B3C4D5E6F7890ABCDEF09 /* Whisper67.app */ = {isa = PBXFileReference; explicitFileType = wrapper.application; includeInIndex = 0; path = Whisper67.app; sourceTree = BUILT_PRODUCTS_DIR; };
		1A2B3C4D5E6F7890ABCDEF02 /* Whisper67App.swift */ = {isa = PBXFileReference; lastKnownFileType = sourcecode.swift; path = Whisper67App.swift; sourceTree = "<group>"; };
		1A2B3C4D5E6F7890ABCDEF04 /* ContentView.swift */ = {isa = PBXFileReference; lastKnownFileType = sourcecode.swift; path = ContentView.swift; sourceTree = "<group>"; };
		1A2B3C4D5E6F7890ABCDEF06 /* SettingsView.swift */ = {isa = PBXFileReference; lastKnownFileType = sourcecode.swift; path = SettingsView.swift; sourceTree = "<group>"; };
		1A2B3C4D5E6F7890ABCDEF08 /* Assets.xcassets */ = {isa = PBXFileReference; lastKnownFileType = folder.assetcatalog; path = Assets.xcassets; sourceTree = "<group>"; };
		1A2B3C4D5E6F7890ABCDEF0A /* Whisper67.entitlements */ = {isa = PBXFileReference; lastKnownFileType = text.plist.entitlements; path = Whisper67.entitlements; sourceTree = "<group>"; };
		1A2B3C4D5E6F7890ABCDEF22 /* WhisperService.swift */ = {isa = PBXFileReference; lastKnownFileType = sourcecode.swift; path = WhisperService.swift; sourceTree = "<group>"; };
		1A2B3C4D5E6F7890ABCDEF24 /* GlassmorphicComponents.swift */ = {isa = PBXFileReference; lastKnownFileType = sourcecode.swift; path = GlassmorphicComponents.swift; sourceTree = "<group>"; };
		1A2B3C4D5E6F7890ABCDEF26 /* ConfigurationTab.swift */ = {isa = PBXFileReference; lastKnownFileType = sourcecode.swift; path = ConfigurationTab.swift; sourceTree = "<group>"; };
		1A2B3C4D5E6F7890ABCDEF28 /* HotkeysTab.swift */ = {isa = PBXFileReference; lastKnownFileType = sourcecode.swift; path = HotkeysTab.swift; sourceTree = "<group>"; };
		1A2B3C4D5E6F7890ABCDEF2A /* PerformanceTab.swift */ = {isa = PBXFileReference; lastKnownFileType = sourcecode.swift; path = PerformanceTab.swift; sourceTree = "<group>"; };
		1A2B3C4D5E6F7890ABCDEF2C /* GeneralTab.swift */ = {isa = PBXFileReference; lastKnownFileType = sourcecode.swift; path = GeneralTab.swift; sourceTree = "<group>"; };
		1A2B3C4D5E6F7890ABCDEF30 /* TranscriptionManager.swift */ = {isa = PBXFileReference; lastKnownFileType = sourcecode.swift; path = TranscriptionManager.swift; sourceTree = "<group>"; };
		1A2B3C4D5E6F7890ABCDEF32 /* GlobalHotkeyService.swift */ = {isa = PBXFileReference; lastKnownFileType = sourcecode.swift; path = GlobalHotkeyService.swift; sourceTree = "<group>"; };
		1A2B3C4D5E6F7890ABCDEF34 /* ClipboardService.swift */ = {isa = PBXFileReference; lastKnownFileType = sourcecode.swift; path = ClipboardService.swift; sourceTree = "<group>"; };
		1A2B3C4D5E6F7890ABCDEF36 /* TranscriptionOverlayView.swift */ = {isa = PBXFileReference; lastKnownFileType = sourcecode.swift; path = TranscriptionOverlayView.swift; sourceTree = "<group>"; };
		1A2B3C4D5E6F7890ABCDEF41 /* AppState.swift */ = {isa = PBXFileReference; lastKnownFileType = sourcecode.swift; path = AppState.swift; sourceTree = "<group>"; };
		1A2B3C4D5E6F7890ABCDEF43 /* CloudWhisperAPI.swift */ = {isa = PBXFileReference; lastKnownFileType = sourcecode.swift; path = CloudWhisperAPI.swift; sourceTree = "<group>"; };
		1A2B3C4D5E6F7890ABCDEF45 /* AudioRecorderService.swift */ = {isa = PBXFileReference; lastKnownFileType = sourcecode.swift; path = AudioRecorderService.swift; sourceTree = "<group>"; };
		1A2B3C4D5E6F7890ABCDEF47 /* HomeDashboardView.swift */ = {isa = PBXFileReference; lastKnownFileType = sourcecode.swift; path = HomeDashboardView.swift; sourceTree = "<group>"; };
		1A2B3C4D5E6F7890ABCDEF49 /* APISettingsTab.swift */ = {isa = PBXFileReference; lastKnownFileType = sourcecode.swift; path = APISettingsTab.swift; sourceTree = "<group>"; };
		1A2B3C4D5E6F7890ABCDEF4B /* DictionaryTab.swift */ = {isa = PBXFileReference; lastKnownFileType = sourcecode.swift; path = DictionaryTab.swift; sourceTree = "<group>"; };
		1A2B3C4D5E6F7890ABCDEF4D /* RecordingKeyMonitor.swift */ = {isa = PBXFileReference; lastKnownFileType = sourcecode.swift; path = RecordingKeyMonitor.swift; sourceTree = "<group>"; };
		1A2B3C4D5E6F7890ABCDEF4F /* ControlDictationInput.swift */ = {isa = PBXFileReference; lastKnownFileType = sourcecode.swift; path = ControlDictationInput.swift; sourceTree = "<group>"; };
		1A2B3C4D5E6F7890ABCDEF51 /* PermissionManager.swift */ = {isa = PBXFileReference; lastKnownFileType = sourcecode.swift; path = PermissionManager.swift; sourceTree = "<group>"; };
		1A2B3C4D5E6F7890ABCDEF53 /* TranscriptFormatter.swift */ = {isa = PBXFileReference; lastKnownFileType = sourcecode.swift; path = TranscriptFormatter.swift; sourceTree = "<group>"; };
		1A2B3C4D5E6F7890ABCDEF55 /* ModesTab.swift */ = {isa = PBXFileReference; lastKnownFileType = sourcecode.swift; path = ModesTab.swift; sourceTree = "<group>"; };
		1A2B3C4D5E6F7890ABCDEF57 /* WaveformShaper.swift */ = {isa = PBXFileReference; lastKnownFileType = sourcecode.swift; path = WaveformShaper.swift; sourceTree = "<group>"; };
		1A2B3C4D5E6F7890ABCDEF59 /* TranscriptCleanupService.swift */ = {isa = PBXFileReference; lastKnownFileType = sourcecode.swift; path = TranscriptCleanupService.swift; sourceTree = "<group>"; };
		1A2B3C4D5E6F7890ABCDEF5B /* IntentVocabulary.swift */ = {isa = PBXFileReference; lastKnownFileType = sourcecode.swift; path = IntentVocabulary.swift; sourceTree = "<group>"; };
		1A2B3C4D5E6F7890ABCDEF5D /* ListDetector.swift */ = {isa = PBXFileReference; lastKnownFileType = sourcecode.swift; path = ListDetector.swift; sourceTree = "<group>"; };
		1A2B3C4D5E6F7890ABCDEF5F /* HistoryTab.swift */ = {isa = PBXFileReference; lastKnownFileType = sourcecode.swift; path = HistoryTab.swift; sourceTree = "<group>"; };
		1A2B3C4D5E6F7890ABCDEF61 /* AppLog.swift */ = {isa = PBXFileReference; lastKnownFileType = sourcecode.swift; path = AppLog.swift; sourceTree = "<group>"; };
		1A2B3C4D5E6F7890ABCDEF63 /* TranscriptionOutcome.swift */ = {isa = PBXFileReference; lastKnownFileType = sourcecode.swift; path = TranscriptionOutcome.swift; sourceTree = "<group>"; };
		1A2B3C4D5E6F7890ABCDEF71 /* SelfCorrection.swift */ = {isa = PBXFileReference; lastKnownFileType = sourcecode.swift; path = SelfCorrection.swift; sourceTree = "<group>"; };
/* End PBXFileReference section */

/* Begin PBXFrameworksBuildPhase section */
		1A2B3C4D5E6F7890ABCDEF0B /* Frameworks */ = {
			isa = PBXFrameworksBuildPhase;
			buildActionMask = 2147483647;
			files = (
				1A2B3C4D5E6F7890ABCDEF20 /* WhisperKit in Frameworks */,
			);
			runOnlyForDeploymentPostprocessing = 0;
		};
/* End PBXFrameworksBuildPhase section */

/* Begin PBXGroup section */
		1A2B3C4D5E6F7890ABCDEF0C = {
			isa = PBXGroup;
			children = (
				1A2B3C4D5E6F7890ABCDEF0D /* Whisper67 */,
				1A2B3C4D5E6F7890ABCDEF0E /* Products */,
			);
			sourceTree = "<group>";
		};
		1A2B3C4D5E6F7890ABCDEF0D /* Whisper67 */ = {
			isa = PBXGroup;
			children = (
				1A2B3C4D5E6F7890ABCDEF02 /* Whisper67App.swift */,
				1A2B3C4D5E6F7890ABCDEF0F /* Views */,
				1A2B3C4D5E6F7890ABCDEF10 /* Models */,
				1A2B3C4D5E6F7890ABCDEF11 /* Services */,
				1A2B3C4D5E6F7890ABCDEF08 /* Assets.xcassets */,
				1A2B3C4D5E6F7890ABCDEF0A /* Whisper67.entitlements */,
			);
			path = Whisper67;
			sourceTree = "<group>";
		};
		1A2B3C4D5E6F7890ABCDEF0E /* Products */ = {
			isa = PBXGroup;
			children = (
				1A2B3C4D5E6F7890ABCDEF09 /* Whisper67.app */,
			);
			name = Products;
			sourceTree = "<group>";
		};
		1A2B3C4D5E6F7890ABCDEF0F /* Views */ = {
			isa = PBXGroup;
			children = (
				1A2B3C4D5E6F7890ABCDEF04 /* ContentView.swift */,
				1A2B3C4D5E6F7890ABCDEF06 /* SettingsView.swift */,
				1A2B3C4D5E6F7890ABCDEF24 /* GlassmorphicComponents.swift */,
				1A2B3C4D5E6F7890ABCDEF47 /* HomeDashboardView.swift */,
				1A2B3C4D5E6F7890ABCDEF49 /* APISettingsTab.swift */,
				1A2B3C4D5E6F7890ABCDEF4B /* DictionaryTab.swift */,
				1A2B3C4D5E6F7890ABCDEF26 /* ConfigurationTab.swift */,
				1A2B3C4D5E6F7890ABCDEF28 /* HotkeysTab.swift */,
				1A2B3C4D5E6F7890ABCDEF2A /* PerformanceTab.swift */,
				1A2B3C4D5E6F7890ABCDEF2C /* GeneralTab.swift */,
				1A2B3C4D5E6F7890ABCDEF55 /* ModesTab.swift */,
				1A2B3C4D5E6F7890ABCDEF5F /* HistoryTab.swift */,
				1A2B3C4D5E6F7890ABCDEF36 /* TranscriptionOverlayView.swift */,
			);
			path = Views;
			sourceTree = "<group>";
		};
		1A2B3C4D5E6F7890ABCDEF10 /* Models */ = {
			isa = PBXGroup;
			children = (
				1A2B3C4D5E6F7890ABCDEF41 /* AppState.swift */,
			);
			path = Models;
			sourceTree = "<group>";
		};
		1A2B3C4D5E6F7890ABCDEF11 /* Services */ = {
			isa = PBXGroup;
			children = (
				1A2B3C4D5E6F7890ABCDEF22 /* WhisperService.swift */,
				1A2B3C4D5E6F7890ABCDEF43 /* CloudWhisperAPI.swift */,
				1A2B3C4D5E6F7890ABCDEF45 /* AudioRecorderService.swift */,
				1A2B3C4D5E6F7890ABCDEF30 /* TranscriptionManager.swift */,
				1A2B3C4D5E6F7890ABCDEF32 /* GlobalHotkeyService.swift */,
				1A2B3C4D5E6F7890ABCDEF34 /* ClipboardService.swift */,
				1A2B3C4D5E6F7890ABCDEF4D /* RecordingKeyMonitor.swift */,
				1A2B3C4D5E6F7890ABCDEF4F /* ControlDictationInput.swift */,
				1A2B3C4D5E6F7890ABCDEF51 /* PermissionManager.swift */,
				1A2B3C4D5E6F7890ABCDEF53 /* TranscriptFormatter.swift */,
				1A2B3C4D5E6F7890ABCDEF59 /* TranscriptCleanupService.swift */,
				1A2B3C4D5E6F7890ABCDEF5B /* IntentVocabulary.swift */,
				1A2B3C4D5E6F7890ABCDEF71 /* SelfCorrection.swift */,
				1A2B3C4D5E6F7890ABCDEF5D /* ListDetector.swift */,
				1A2B3C4D5E6F7890ABCDEF63 /* TranscriptionOutcome.swift */,
				1A2B3C4D5E6F7890ABCDEF61 /* AppLog.swift */,
				1A2B3C4D5E6F7890ABCDEF57 /* WaveformShaper.swift */,
			);
			path = Services;
			sourceTree = "<group>";
		};
/* End PBXGroup section */

/* Begin PBXNativeTarget section */
		1A2B3C4D5E6F7890ABCDEF12 /* Whisper67 */ = {
			isa = PBXNativeTarget;
			buildConfigurationList = 1A2B3C4D5E6F7890ABCDEF13 /* Build configuration list for PBXNativeTarget "Whisper67" */;
			buildPhases = (
				1A2B3C4D5E6F7890ABCDEF14 /* Sources */,
				1A2B3C4D5E6F7890ABCDEF0B /* Frameworks */,
				1A2B3C4D5E6F7890ABCDEF15 /* Resources */,
			);
			buildRules = (
			);
			dependencies = (
			);
			name = Whisper67;
			packageProductDependencies = (
				1A2B3C4D5E6F7890ABCDEF1F /* WhisperKit */,
			);
			productName = Whisper67;
			productReference = 1A2B3C4D5E6F7890ABCDEF09 /* Whisper67.app */;
			productType = "com.apple.product-type.application";
		};
/* End PBXNativeTarget section */

/* Begin PBXProject section */
		1A2B3C4D5E6F7890ABCDEF16 /* Project object */ = {
			isa = PBXProject;
			attributes = {
				BuildIndependentTargetsInParallel = 1;
				LastSwiftUpdateCheck = 1540;
				LastUpgradeCheck = 1540;
				TargetAttributes = {
					1A2B3C4D5E6F7890ABCDEF12 = {
						CreatedOnToolsVersion = 15.4;
					};
				};
			};
			buildConfigurationList = 1A2B3C4D5E6F7890ABCDEF17 /* Build configuration list for PBXProject "Whisper67" */;
			compatibilityVersion = "Xcode 14.0";
			developmentRegion = en;
			hasScannedForEncodings = 0;
			knownRegions = (
				en,
				Base,
			);
			mainGroup = 1A2B3C4D5E6F7890ABCDEF0C;
			packageReferences = (
				1A2B3C4D5E6F7890ABCDEF1E /* XCRemoteSwiftPackageReference "WhisperKit" */,
			);
			productRefGroup = 1A2B3C4D5E6F7890ABCDEF0E /* Products */;
			projectDirPath = "";
			projectRoot = "";
			targets = (
				1A2B3C4D5E6F7890ABCDEF12 /* Whisper67 */,
			);
		};
/* End PBXProject section */

/* Begin PBXResourcesBuildPhase section */
		1A2B3C4D5E6F7890ABCDEF15 /* Resources */ = {
			isa = PBXResourcesBuildPhase;
			buildActionMask = 2147483647;
			files = (
				1A2B3C4D5E6F7890ABCDEF07 /* Assets.xcassets in Resources */,
			);
			runOnlyForDeploymentPostprocessing = 0;
		};
/* End PBXResourcesBuildPhase section */

/* Begin PBXSourcesBuildPhase section */
		1A2B3C4D5E6F7890ABCDEF14 /* Sources */ = {
			isa = PBXSourcesBuildPhase;
			buildActionMask = 2147483647;
			files = (
				1A2B3C4D5E6F7890ABCDEF03 /* ContentView.swift in Sources */,
				1A2B3C4D5E6F7890ABCDEF05 /* SettingsView.swift in Sources */,
				1A2B3C4D5E6F7890ABCDEF21 /* WhisperService.swift in Sources */,
				1A2B3C4D5E6F7890ABCDEF23 /* GlassmorphicComponents.swift in Sources */,
				1A2B3C4D5E6F7890ABCDEF27 /* HotkeysTab.swift in Sources */,
				1A2B3C4D5E6F7890ABCDEF2B /* GeneralTab.swift in Sources */,
				1A2B3C4D5E6F7890ABCDEF2F /* TranscriptionManager.swift in Sources */,
				1A2B3C4D5E6F7890ABCDEF31 /* GlobalHotkeyService.swift in Sources */,
				1A2B3C4D5E6F7890ABCDEF33 /* ClipboardService.swift in Sources */,
				1A2B3C4D5E6F7890ABCDEF35 /* TranscriptionOverlayView.swift in Sources */,
				1A2B3C4D5E6F7890ABCDEF40 /* AppState.swift in Sources */,
				1A2B3C4D5E6F7890ABCDEF42 /* CloudWhisperAPI.swift in Sources */,
				1A2B3C4D5E6F7890ABCDEF44 /* AudioRecorderService.swift in Sources */,
				1A2B3C4D5E6F7890ABCDEF46 /* HomeDashboardView.swift in Sources */,
				1A2B3C4D5E6F7890ABCDEF48 /* APISettingsTab.swift in Sources */,
				1A2B3C4D5E6F7890ABCDEF4A /* DictionaryTab.swift in Sources */,
				1A2B3C4D5E6F7890ABCDEF4C /* RecordingKeyMonitor.swift in Sources */,
				1A2B3C4D5E6F7890ABCDEF4E /* ControlDictationInput.swift in Sources */,
				1A2B3C4D5E6F7890ABCDEF50 /* PermissionManager.swift in Sources */,
				1A2B3C4D5E6F7890ABCDEF52 /* TranscriptFormatter.swift in Sources */,
				1A2B3C4D5E6F7890ABCDEF58 /* TranscriptCleanupService.swift in Sources */,
				1A2B3C4D5E6F7890ABCDEF5A /* IntentVocabulary.swift in Sources */,
				1A2B3C4D5E6F7890ABCDEF70 /* SelfCorrection.swift in Sources */,
				1A2B3C4D5E6F7890ABCDEF5C /* ListDetector.swift in Sources */,
				1A2B3C4D5E6F7890ABCDEF62 /* TranscriptionOutcome.swift in Sources */,
				1A2B3C4D5E6F7890ABCDEF60 /* AppLog.swift in Sources */,
				1A2B3C4D5E6F7890ABCDEF5E /* HistoryTab.swift in Sources */,
				1A2B3C4D5E6F7890ABCDEF54 /* ModesTab.swift in Sources */,
				1A2B3C4D5E6F7890ABCDEF56 /* WaveformShaper.swift in Sources */,
				1A2B3C4D5E6F7890ABCDEF01 /* Whisper67App.swift in Sources */,
			);
			runOnlyForDeploymentPostprocessing = 0;
		};
/* End PBXSourcesBuildPhase section */

/* Begin XCBuildConfiguration section */
		1A2B3C4D5E6F7890ABCDEF18 /* Debug */ = {
			isa = XCBuildConfiguration;
			buildSettings = {
				ALWAYS_SEARCH_USER_PATHS = NO;
				ASSETCATALOG_COMPILER_GENERATE_SWIFT_ASSET_SYMBOL_EXTENSIONS = YES;
				CLANG_ANALYZER_NONNULL = YES;
				CLANG_ANALYZER_NUMBER_OBJECT_CONVERSION = YES_AGGRESSIVE;
				CLANG_CXX_LANGUAGE_STANDARD = "gnu++20";
				CLANG_ENABLE_MODULES = YES;
				CLANG_ENABLE_OBJC_ARC = YES;
				CLANG_ENABLE_OBJC_WEAK = YES;
				CLANG_WARN_BLOCK_CAPTURE_AUTORELEASING = YES;
				CLANG_WARN_BOOL_CONVERSION = YES;
				CLANG_WARN_COMMA = YES;
				CLANG_WARN_CONSTANT_CONVERSION = YES;
				CLANG_WARN_DEPRECATED_OBJC_IMPLEMENTATIONS = YES;
				CLANG_WARN_DIRECT_OBJC_ISA_USAGE = YES_ERROR;
				CLANG_WARN_DOCUMENTATION_COMMENTS = YES;
				CLANG_WARN_EMPTY_BODY = YES;
				CLANG_WARN_ENUM_CONVERSION = YES;
				CLANG_WARN_INFINITE_RECURSION = YES;
				CLANG_WARN_INT_CONVERSION = YES;
				CLANG_WARN_NON_LITERAL_NULL_CONVERSION = YES;
				CLANG_WARN_OBJC_IMPLICIT_RETAIN_SELF = YES;
				CLANG_WARN_OBJC_LITERAL_CONVERSION = YES;
				CLANG_WARN_OBJC_ROOT_CLASS = YES_ERROR;
				CLANG_WARN_QUOTED_INCLUDE_IN_FRAMEWORK_HEADER = YES;
				CLANG_WARN_RANGE_LOOP_ANALYSIS = YES;
				CLANG_WARN_STRICT_PROTOTYPES = YES;
				CLANG_WARN_SUSPICIOUS_MOVE = YES;
				CLANG_WARN_UNGUARDED_AVAILABILITY = YES_AGGRESSIVE;
				CLANG_WARN_UNREACHABLE_CODE = YES;
				CLANG_WARN__DUPLICATE_METHOD_MATCH = YES;
				COPY_PHASE_STRIP = NO;
				DEBUG_INFORMATION_FORMAT = dwarf;
				ENABLE_STRICT_OBJC_MSGSEND = YES;
				ENABLE_TESTABILITY = YES;
				ENABLE_USER_SCRIPT_SANDBOXING = YES;
				GCC_C_LANGUAGE_STANDARD = gnu17;
				GCC_DYNAMIC_NO_PIC = NO;
				GCC_NO_COMMON_BLOCKS = YES;
				GCC_OPTIMIZATION_LEVEL = 0;
				GCC_PREPROCESSOR_DEFINITIONS = (
					"DEBUG=1",
					"$(inherited)",
				);
				GCC_WARN_64_TO_32_BIT_CONVERSION = YES;
				GCC_WARN_ABOUT_RETURN_TYPE = YES_ERROR;
				GCC_WARN_UNDECLARED_SELECTOR = YES;
				GCC_WARN_UNINITIALIZED_AUTOS = YES_AGGRESSIVE;
				GCC_WARN_UNUSED_FUNCTION = YES;
				GCC_WARN_UNUSED_VARIABLE = YES;
				LOCALIZATION_PREFERS_STRING_CATALOGS = YES;
				MACOSX_DEPLOYMENT_TARGET = 14.0;
				MTL_ENABLE_DEBUG_INFO = INCLUDE_SOURCE;
				MTL_FAST_MATH = YES;
				ONLY_ACTIVE_ARCH = YES;
				SDKROOT = macosx;
				SWIFT_ACTIVE_COMPILATION_CONDITIONS = "DEBUG $(inherited)";
				SWIFT_OPTIMIZATION_LEVEL = "-Onone";
			};
			name = Debug;
		};
		1A2B3C4D5E6F7890ABCDEF19 /* Release */ = {
			isa = XCBuildConfiguration;
			buildSettings = {
				ALWAYS_SEARCH_USER_PATHS = NO;
				ASSETCATALOG_COMPILER_GENERATE_SWIFT_ASSET_SYMBOL_EXTENSIONS = YES;
				CLANG_ANALYZER_NONNULL = YES;
				CLANG_ANALYZER_NUMBER_OBJECT_CONVERSION = YES_AGGRESSIVE;
				CLANG_CXX_LANGUAGE_STANDARD = "gnu++20";
				CLANG_ENABLE_MODULES = YES;
				CLANG_ENABLE_OBJC_ARC = YES;
				CLANG_ENABLE_OBJC_WEAK = YES;
				CLANG_WARN_BLOCK_CAPTURE_AUTORELEASING = YES;
				CLANG_WARN_BOOL_CONVERSION = YES;
				CLANG_WARN_COMMA = YES;
				CLANG_WARN_CONSTANT_CONVERSION = YES;
				CLANG_WARN_DEPRECATED_OBJC_IMPLEMENTATIONS = YES;
				CLANG_WARN_DIRECT_OBJC_ISA_USAGE = YES_ERROR;
				CLANG_WARN_DOCUMENTATION_COMMENTS = YES;
				CLANG_WARN_EMPTY_BODY = YES;
				CLANG_WARN_ENUM_CONVERSION = YES;
				CLANG_WARN_INFINITE_RECURSION = YES;
				CLANG_WARN_INT_CONVERSION = YES;
				CLANG_WARN_NON_LITERAL_NULL_CONVERSION = YES;
				CLANG_WARN_OBJC_IMPLICIT_RETAIN_SELF = YES;
				CLANG_WARN_OBJC_LITERAL_CONVERSION = YES;
				CLANG_WARN_OBJC_ROOT_CLASS = YES_ERROR;
				CLANG_WARN_QUOTED_INCLUDE_IN_FRAMEWORK_HEADER = YES;
				CLANG_WARN_RANGE_LOOP_ANALYSIS = YES;
				CLANG_WARN_STRICT_PROTOTYPES = YES;
				CLANG_WARN_SUSPICIOUS_MOVE = YES;
				CLANG_WARN_UNGUARDED_AVAILABILITY = YES_AGGRESSIVE;
				CLANG_WARN_UNREACHABLE_CODE = YES;
				CLANG_WARN__DUPLICATE_METHOD_MATCH = YES;
				COPY_PHASE_STRIP = NO;
				DEBUG_INFORMATION_FORMAT = "dwarf-with-dsym";
				ENABLE_NS_ASSERTIONS = NO;
				ENABLE_STRICT_OBJC_MSGSEND = YES;
				ENABLE_USER_SCRIPT_SANDBOXING = YES;
				GCC_C_LANGUAGE_STANDARD = gnu17;
				GCC_NO_COMMON_BLOCKS = YES;
				GCC_WARN_64_TO_32_BIT_CONVERSION = YES;
				GCC_WARN_ABOUT_RETURN_TYPE = YES_ERROR;
				GCC_WARN_UNDECLARED_SELECTOR = YES;
				GCC_WARN_UNINITIALIZED_AUTOS = YES_AGGRESSIVE;
				GCC_WARN_UNUSED_FUNCTION = YES;
				GCC_WARN_UNUSED_VARIABLE = YES;
				LOCALIZATION_PREFERS_STRING_CATALOGS = YES;
				MACOSX_DEPLOYMENT_TARGET = 14.0;
				MTL_ENABLE_DEBUG_INFO = NO;
				MTL_FAST_MATH = YES;
				SDKROOT = macosx;
				SWIFT_COMPILATION_MODE = wholemodule;
			};
			name = Release;
		};
		1A2B3C4D5E6F7890ABCDEF1A /* Debug */ = {
			isa = XCBuildConfiguration;
			buildSettings = {
				ASSETCATALOG_COMPILER_APPICON_NAME = AppIcon;
				ASSETCATALOG_COMPILER_GLOBAL_ACCENT_COLOR_NAME = AccentColor;
				CODE_SIGN_ENTITLEMENTS = Whisper67/Whisper67.entitlements;
				CODE_SIGN_IDENTITY = "-";
				CODE_SIGN_STYLE = Manual;
				COMBINE_HIDPI_IMAGES = YES;
				CURRENT_PROJECT_VERSION = 1;
				DEVELOPMENT_TEAM = "";
				ENABLE_HARDENED_RUNTIME = YES;
				ENABLE_PREVIEWS = YES;
				GENERATE_INFOPLIST_FILE = YES;
				INFOPLIST_KEY_CFBundleDisplayName = Whisper67;
				INFOPLIST_KEY_LSApplicationCategoryType = "public.app-category.productivity";
				INFOPLIST_KEY_LSUIElement = NO;
				INFOPLIST_KEY_NSHumanReadableCopyright = "Copyright © Whisper67";
				INFOPLIST_KEY_NSMicrophoneUsageDescription = "Whisper67 needs microphone access for speech recognition and dictation.";
				INFOPLIST_KEY_NSAppleEventsUsageDescription = "Whisper67 uses Automation to paste transcribed text into the app you are using.";
				LD_RUNPATH_SEARCH_PATHS = (
					"$(inherited)",
					"@executable_path/../Frameworks",
				);
				MACOSX_DEPLOYMENT_TARGET = 14.0;
				MARKETING_VERSION = 1.0.0;
				PRODUCT_BUNDLE_IDENTIFIER = com.whisper67.app;
				PRODUCT_NAME = Whisper67;
				SWIFT_EMIT_LOC_STRINGS = YES;
				SWIFT_VERSION = 5.0;
			};
			name = Debug;
		};
		1A2B3C4D5E6F7890ABCDEF1B /* Release */ = {
			isa = XCBuildConfiguration;
			buildSettings = {
				ASSETCATALOG_COMPILER_APPICON_NAME = AppIcon;
				ASSETCATALOG_COMPILER_GLOBAL_ACCENT_COLOR_NAME = AccentColor;
				CODE_SIGN_ENTITLEMENTS = Whisper67/Whisper67.entitlements;
				CODE_SIGN_IDENTITY = "-";
				CODE_SIGN_STYLE = Manual;
				COMBINE_HIDPI_IMAGES = YES;
				CURRENT_PROJECT_VERSION = 1;
				DEVELOPMENT_TEAM = "";
				ENABLE_HARDENED_RUNTIME = YES;
				ENABLE_PREVIEWS = YES;
				GENERATE_INFOPLIST_FILE = YES;
				INFOPLIST_KEY_CFBundleDisplayName = Whisper67;
				INFOPLIST_KEY_LSApplicationCategoryType = "public.app-category.productivity";
				INFOPLIST_KEY_LSUIElement = NO;
				INFOPLIST_KEY_NSHumanReadableCopyright = "Copyright © Whisper67";
				INFOPLIST_KEY_NSMicrophoneUsageDescription = "Whisper67 needs microphone access for speech recognition and dictation.";
				INFOPLIST_KEY_NSAppleEventsUsageDescription = "Whisper67 uses Automation to paste transcribed text into the app you are using.";
				LD_RUNPATH_SEARCH_PATHS = (
					"$(inherited)",
					"@executable_path/../Frameworks",
				);
				MACOSX_DEPLOYMENT_TARGET = 14.0;
				MARKETING_VERSION = 1.0.0;
				PRODUCT_BUNDLE_IDENTIFIER = com.whisper67.app;
				PRODUCT_NAME = Whisper67;
				SWIFT_EMIT_LOC_STRINGS = YES;
				SWIFT_VERSION = 5.0;
			};
			name = Release;
		};
/* End XCBuildConfiguration section */

/* Begin XCConfigurationList section */
		1A2B3C4D5E6F7890ABCDEF13 /* Build configuration list for PBXNativeTarget "Whisper67" */ = {
			isa = XCConfigurationList;
			buildConfigurations = (
				1A2B3C4D5E6F7890ABCDEF1A /* Debug */,
				1A2B3C4D5E6F7890ABCDEF1B /* Release */,
			);
			defaultConfigurationIsVisible = 0;
			defaultConfigurationName = Release;
		};
		1A2B3C4D5E6F7890ABCDEF17 /* Build configuration list for PBXProject "Whisper67" */ = {
			isa = XCConfigurationList;
			buildConfigurations = (
				1A2B3C4D5E6F7890ABCDEF18 /* Debug */,
				1A2B3C4D5E6F7890ABCDEF19 /* Release */,
			);
			defaultConfigurationIsVisible = 0;
			defaultConfigurationName = Release;
		};
/* End XCConfigurationList section */

/* Begin XCRemoteSwiftPackageReference section */
		1A2B3C4D5E6F7890ABCDEF1E /* XCRemoteSwiftPackageReference "WhisperKit" */ = {
			isa = XCRemoteSwiftPackageReference;
			repositoryURL = "https://github.com/argmaxinc/WhisperKit.git";
			requirement = {
				kind = upToNextMajorVersion;
				minimumVersion = 0.9.0;
			};
		};
/* End XCRemoteSwiftPackageReference section */

/* Begin XCSwiftPackageProductDependency section */
		1A2B3C4D5E6F7890ABCDEF1F /* WhisperKit */ = {
			isa = XCSwiftPackageProductDependency;
			package = 1A2B3C4D5E6F7890ABCDEF1E /* XCRemoteSwiftPackageReference "WhisperKit" */;
			productName = WhisperKit;
		};
/* End XCSwiftPackageProductDependency section */
	};
	rootObject = 1A2B3C4D5E6F7890ABCDEF16 /* Project object */;
}
